
Microsoft Visual Studio Solution File, Format Version 12.00
# Visual Studio Version 17
VisualStudioVersion = 17.11.35222.181
MinimumVisualStudioVersion = 10.0.40219.1
Project("{9A19103F-16F7-4668-BE54-9A1E7A4F7556}") = "Core.Persistence", "Core.Persistence\Core.Persistence.csproj", "{E2159618-EBD0-41AF-BBE6-76AB181B3F58}"
EndProject
Project("{FAE04EC0-301F-11D3-BF4B-00C04F79EFBC}") = "Core.Application", "Core.Application\Core.Application.csproj", "{27EBFD61-C511-41F9-A4AD-4F29EF903958}"
EndProject
Project("{FAE04EC0-301F-11D3-BF4B-00C04F79EFBC}") = "Core.CrossCuttingConcerns", "Core.CrossCuttingConcerns\Core.CrossCuttingConcerns.csproj", "{16B8D994-A05E-4016-8466-07E4B2BC3885}"
EndProject
Global
	GlobalSection(SolutionConfigurationPlatforms) = preSolution
		Debug|Any CPU = Debug|Any CPU
		Release|Any CPU = Release|Any CPU
	EndGlobalSection
	GlobalSection(ProjectConfigurationPlatforms) = postSolution
		{E2159618-EBD0-41AF-BBE6-76AB181B3F58}.Debug|Any CPU.ActiveCfg = Debug|Any CPU
		{E2159618-EBD0-41AF-BBE6-76AB181B3F58}.Debug|Any CPU.Build.0 = Debug|Any CPU
		{E2159618-EBD0-41AF-BBE6-76AB181B3F58}.Release|Any CPU.ActiveCfg = Release|Any CPU
		{E2159618-EBD0-41AF-BBE6-76AB181B3F58}.Release|Any CPU.Build.0 = Release|Any CPU
		{27EBFD61-C511-41F9-A4AD-4F29EF903958}.Debug|Any CPU.ActiveCfg = Debug|Any CPU
		{27EBFD61-C511-41F9-A4AD-4F29EF903958}.Debug|Any CPU.Build.0 = Debug|Any CPU
		{27EBFD61-C511-41F9-A4AD-4F29EF903958}.Release|Any CPU.ActiveCfg = Release|Any CPU
		{27EBFD61-C511-41F9-A4AD-4F29EF903958}.Release|Any CPU.Build.0 = Release|Any CPU
		{16B8D994-A05E-4016-8466-07E4B2BC3885}.Debug|Any CPU.ActiveCfg = Debug|Any CPU
		{16B8D994-A05E-4016-8466-07E4B2BC3885}.Debug|Any CPU.Build.0 = Debug|Any CPU
		{16B8D994-A05E-4016-8466-07E4B2BC3885}.Release|Any CPU.ActiveCfg = Release|Any CPU
		{16B8D994-A05E-4016-8466-07E4B2BC3885}.Release|Any CPU.Build.0 = Release|Any CPU
	EndGlobalSection
	GlobalSection(SolutionProperties) = preSolution
		HideSolutionNode = FALSE
	EndGlobalSection
	GlobalSection(ExtensibilityGlobals) = postSolution
		SolutionGuid = {1346BE8F-CAE0-45CE-B5A7-3D9272A4A4A0}
	EndGlobalSection
EndGlobal
