
Microsoft Visual Studio Solution File, Format Version 12.00
# Visual Studio Version 17
VisualStudioVersion = 17.11.35222.181
MinimumVisualStudioVersion = 10.0.40219.1
Project("{FAE04EC0-301F-11D3-BF4B-00C04F79EFBC}") = "WebApi", "WebApi\WebApi.csproj", "{6A9681FB-C770-4E53-9A04-17D3DBAEC282}"
EndProject
Project("{FAE04EC0-301F-11D3-BF4B-00C04F79EFBC}") = "Persistence", "Persistence\Persistence.csproj", "{29E0E79F-210A-4C12-B83F-F55B9BB03032}"
EndProject
Project("{FAE04EC0-301F-11D3-BF4B-00C04F79EFBC}") = "Domain", "Domain\Domain.csproj", "{B5545CBF-DC00-42DB-B30D-CFE08A0CEFFE}"
EndProject
Project("{FAE04EC0-301F-11D3-BF4B-00C04F79EFBC}") = "Application", "Application\Application.csproj", "{3F976D13-4593-4176-98F9-0B0877C6C891}"
EndProject
Project("{FAE04EC0-301F-11D3-BF4B-00C04F79EFBC}") = "Infrastructure", "Infrastructure\Infrastructure.csproj", "{A6F76867-EA00-4D3C-9DEA-C1F1A4A59187}"
EndProject
Global
	GlobalSection(SolutionConfigurationPlatforms) = preSolution
		Debug|Any CPU = Debug|Any CPU
		Release|Any CPU = Release|Any CPU
	EndGlobalSection
	GlobalSection(ProjectConfigurationPlatforms) = postSolution
		{6A9681FB-C770-4E53-9A04-17D3DBAEC282}.Debug|Any CPU.ActiveCfg = Debug|Any CPU
		{6A9681FB-C770-4E53-9A04-17D3DBAEC282}.Debug|Any CPU.Build.0 = Debug|Any CPU
		{6A9681FB-C770-4E53-9A04-17D3DBAEC282}.Release|Any CPU.ActiveCfg = Release|Any CPU
		{6A9681FB-C770-4E53-9A04-17D3DBAEC282}.Release|Any CPU.Build.0 = Release|Any CPU
		{29E0E79F-210A-4C12-B83F-F55B9BB03032}.Debug|Any CPU.ActiveCfg = Debug|Any CPU
		{29E0E79F-210A-4C12-B83F-F55B9BB03032}.Debug|Any CPU.Build.0 = Debug|Any CPU
		{29E0E79F-210A-4C12-B83F-F55B9BB03032}.Release|Any CPU.ActiveCfg = Release|Any CPU
		{29E0E79F-210A-4C12-B83F-F55B9BB03032}.Release|Any CPU.Build.0 = Release|Any CPU
		{B5545CBF-DC00-42DB-B30D-CFE08A0CEFFE}.Debug|Any CPU.ActiveCfg = Debug|Any CPU
		{B5545CBF-DC00-42DB-B30D-CFE08A0CEFFE}.Debug|Any CPU.Build.0 = Debug|Any CPU
		{B5545CBF-DC00-42DB-B30D-CFE08A0CEFFE}.Release|Any CPU.ActiveCfg = Release|Any CPU
		{B5545CBF-DC00-42DB-B30D-CFE08A0CEFFE}.Release|Any CPU.Build.0 = Release|Any CPU
		{3F976D13-4593-4176-98F9-0B0877C6C891}.Debug|Any CPU.ActiveCfg = Debug|Any CPU
		{3F976D13-4593-4176-98F9-0B0877C6C891}.Debug|Any CPU.Build.0 = Debug|Any CPU
		{3F976D13-4593-4176-98F9-0B0877C6C891}.Release|Any CPU.ActiveCfg = Release|Any CPU
		{3F976D13-4593-4176-98F9-0B0877C6C891}.Release|Any CPU.Build.0 = Release|Any CPU
		{A6F76867-EA00-4D3C-9DEA-C1F1A4A59187}.Debug|Any CPU.ActiveCfg = Debug|Any CPU
		{A6F76867-EA00-4D3C-9DEA-C1F1A4A59187}.Debug|Any CPU.Build.0 = Debug|Any CPU
		{A6F76867-EA00-4D3C-9DEA-C1F1A4A59187}.Release|Any CPU.ActiveCfg = Release|Any CPU
		{A6F76867-EA00-4D3C-9DEA-C1F1A4A59187}.Release|Any CPU.Build.0 = Release|Any CPU
	EndGlobalSection
	GlobalSection(SolutionProperties) = preSolution
		HideSolutionNode = FALSE
	EndGlobalSection
	GlobalSection(ExtensibilityGlobals) = postSolution
		SolutionGuid = {E37AF57A-C75B-45AA-B678-80256C6BAA1A}
	EndGlobalSection
EndGlobal
